[[package]]
name = "appdirs"
version = "1.4.4"
description = "A small Python module for determining appropriate platform-specific dirs, e.g. a \"user data dir\"."
category = "dev"
optional = false
python-versions = "*"

[[package]]
name = "cfgv"
version = "3.2.0"
description = "Validate configuration and produce human readable error messages."
category = "dev"
optional = false
python-versions = ">=3.6.1"

[[package]]
name = "click"
version = "8.0.3"
description = "Composable command line interface toolkit"
category = "main"
optional = false
python-versions = ">=3.6"

[package.dependencies]
colorama = {version = "*", markers = "platform_system == \"Windows\""}
importlib-metadata = {version = "*", markers = "python_version < \"3.8\""}

[[package]]
name = "colorama"
version = "0.4.4"
description = "Cross-platform colored terminal text."
category = "main"
optional = false
python-versions = ">=2.7, !=3.0.*, !=3.1.*, !=3.2.*, !=3.3.*, !=3.4.*"

[[package]]
name = "cython"
version = "0.29.24"
description = "The Cython compiler for writing C extensions for the Python language."
category = "dev"
optional = false
python-versions = ">=2.6, !=3.0.*, !=3.1.*, !=3.2.*"

[[package]]
name = "distlib"
version = "0.3.1"
description = "Distribution utilities"
category = "dev"
optional = false
python-versions = "*"

[[package]]
name = "filelock"
version = "3.0.12"
description = "A platform independent file lock."
category = "dev"
optional = false
python-versions = "*"

[[package]]
name = "identify"
version = "1.5.10"
description = "File identification library for Python"
category = "dev"
optional = false
python-versions = "!=3.0.*,!=3.1.*,!=3.2.*,!=3.3.*,>=2.7"

[package.extras]
license = ["editdistance"]

[[package]]
name = "importlib-metadata"
version = "3.3.0"
description = "Read metadata from Python packages"
category = "main"
optional = false
python-versions = ">=3.6"

[package.dependencies]
typing-extensions = {version = ">=3.6.4", markers = "python_version < \"3.8\""}
zipp = ">=0.5"

[package.extras]
docs = ["sphinx", "jaraco.packaging (>=3.2)", "rst.linker (>=1.9)"]
testing = ["pytest (>=3.5,!=3.7.3)", "pytest-checkdocs (>=1.2.3)", "pytest-flake8", "pytest-cov", "jaraco.test (>=3.2.0)", "packaging", "pep517", "pyfakefs", "flufl.flake8", "pytest-black (>=0.3.7)", "pytest-mypy", "importlib-resources (>=1.3)"]

[[package]]
name = "nodeenv"
version = "1.5.0"
description = "Node.js virtual environment builder"
category = "dev"
optional = false
python-versions = "*"

[[package]]
name = "pre-commit"
version = "2.15.0"
description = "A framework for managing and maintaining multi-language pre-commit hooks."
category = "dev"
optional = false
python-versions = ">=3.6.1"

[package.dependencies]
cfgv = ">=2.0.0"
identify = ">=1.0.0"
importlib-metadata = {version = "*", markers = "python_version < \"3.8\""}
nodeenv = ">=0.11.1"
pyyaml = ">=5.1"
toml = "*"
virtualenv = ">=20.0.8"

[[package]]
name = "pyyaml"
version = "5.3.1"
description = "YAML parser and emitter for Python"
category = "dev"
optional = false
python-versions = ">=2.7, !=3.0.*, !=3.1.*, !=3.2.*, !=3.3.*, !=3.4.*"

[[package]]
name = "six"
version = "1.15.0"
description = "Python 2 and 3 compatibility utilities"
category = "dev"
optional = false
python-versions = ">=2.7, !=3.0.*, !=3.1.*, !=3.2.*"

[[package]]
name = "toml"
version = "0.10.2"
description = "Python Library for Tom's Obvious, Minimal Language"
category = "dev"
optional = false
python-versions = ">=2.6, !=3.0.*, !=3.1.*, !=3.2.*"

[[package]]
name = "typing-extensions"
version = "3.7.4.3"
description = "Backported and Experimental Type Hints for Python 3.5+"
category = "main"
optional = false
python-versions = "*"

[[package]]
name = "virtualenv"
version = "20.2.2"
description = "Virtual Python Environment builder"
category = "dev"
optional = false
python-versions = "!=3.0.*,!=3.1.*,!=3.2.*,!=3.3.*,>=2.7"

[package.dependencies]
appdirs = ">=1.4.3,<2"
distlib = ">=0.3.1,<1"
filelock = ">=3.0.0,<4"
importlib-metadata = {version = ">=0.12", markers = "python_version < \"3.8\""}
six = ">=1.9.0,<2"

[package.extras]
docs = ["proselint (>=0.10.2)", "sphinx (>=3)", "sphinx-argparse (>=0.2.5)", "sphinx-rtd-theme (>=0.4.3)", "towncrier (>=19.9.0rc1)"]
testing = ["coverage (>=4)", "coverage-enable-subprocess (>=1)", "flaky (>=3)", "pytest (>=4)", "pytest-env (>=0.6.2)", "pytest-freezegun (>=0.4.1)", "pytest-mock (>=2)", "pytest-randomly (>=1)", "pytest-timeout (>=1)", "pytest-xdist (>=1.31.0)", "packaging (>=20.0)", "xonsh (>=0.9.16)"]

[[package]]
name = "zipp"
version = "3.4.0"
description = "Backport of pathlib-compatible object wrapper for zip files"
category = "main"
optional = false
python-versions = ">=3.6"

[package.extras]
docs = ["sphinx", "jaraco.packaging (>=3.2)", "rst.linker (>=1.9)"]
testing = ["pytest (>=3.5,!=3.7.3)", "pytest-checkdocs (>=1.2.3)", "pytest-flake8", "pytest-cov", "jaraco.test (>=3.2.0)", "jaraco.itertools", "func-timeout", "pytest-black (>=0.3.7)", "pytest-mypy"]

[metadata]
lock-version = "1.1"
python-versions = "^3.7"
content-hash = "42b0d671cc64d6f8e8a9745fd92d56552610f9afd97a3e4c97357bdebdeea0a0"

[metadata.files]
appdirs = [
    {file = "appdirs-1.4.4-py2.py3-none-any.whl", hash = "sha256:a841dacd6b99318a741b166adb07e19ee71a274450e68237b4650ca1055ab128"},
    {file = "appdirs-1.4.4.tar.gz", hash = "sha256:7d5d0167b2b1ba821647616af46a749d1c653740dd0d2415100fe26e27afdf41"},
]
cfgv = [
    {file = "cfgv-3.2.0-py2.py3-none-any.whl", hash = "sha256:32e43d604bbe7896fe7c248a9c2276447dbef840feb28fe20494f62af110211d"},
    {file = "cfgv-3.2.0.tar.gz", hash = "sha256:cf22deb93d4bcf92f345a5c3cd39d3d41d6340adc60c78bbbd6588c384fda6a1"},
]
click = [
    {file = "click-8.0.3-py3-none-any.whl", hash = "sha256:353f466495adaeb40b6b5f592f9f91cb22372351c84caeb068132442a4518ef3"},
    {file = "click-8.0.3.tar.gz", hash = "sha256:410e932b050f5eed773c4cda94de75971c89cdb3155a72a0831139a79e5ecb5b"},
]
colorama = [
    {file = "colorama-0.4.4-py2.py3-none-any.whl", hash = "sha256:9f47eda37229f68eee03b24b9748937c7dc3868f906e8ba69fbcbdd3bc5dc3e2"},
    {file = "colorama-0.4.4.tar.gz", hash = "sha256:5941b2b48a20143d2267e95b1c2a7603ce057ee39fd88e7329b0c292aa16869b"},
]
cython = [
    {file = "Cython-0.29.24-cp27-cp27m-macosx_10_9_x86_64.whl", hash = "sha256:6a2cf2ccccc25413864928dfd730c29db6f63eaf98206c1e600003a445ca7f58"},
    {file = "Cython-0.29.24-cp27-cp27m-manylinux1_i686.whl", hash = "sha256:b28f92e617f540d3f21f8fd479a9c6491be920ffff672a4c61b7fc4d7f749f39"},
    {file = "Cython-0.29.24-cp27-cp27m-manylinux1_x86_64.whl", hash = "sha256:37bcfa5df2a3009f49624695d917c3804fccbdfcdc5eda6378754a879711a4d5"},
    {file = "Cython-0.29.24-cp27-cp27m-win32.whl", hash = "sha256:9164aeef1af6f837e4fc20402a31d256188ba4d535e262c6cb78caf57ad744f8"},
    {file = "Cython-0.29.24-cp27-cp27m-win_amd64.whl", hash = "sha256:73ac33a4379056a02031baa4def255717fadb9181b5ac2b244792d53eae1c925"},
    {file = "Cython-0.29.24-cp27-cp27mu-manylinux1_i686.whl", hash = "sha256:09ac3087ac7a3d489ebcb3fb8402e00c13d1a3a1c6bc73fd3b0d756a3e341e79"},
    {file = "Cython-0.29.24-cp27-cp27mu-manylinux1_x86_64.whl", hash = "sha256:774cb8fd931ee1ba52c472bc1c19077cd6895c1b24014ae07bb27df59aed5ebe"},
    {file = "Cython-0.29.24-cp34-cp34m-win32.whl", hash = "sha256:5dd56d0be50073f0e54825a8bc3393852de0eed126339ecbca0ae149dba55cfc"},
    {file = "Cython-0.29.24-cp34-cp34m-win_amd64.whl", hash = "sha256:88dc3c250dec280b0489a83950b15809762e27232f4799b1b8d0bad503f5ab84"},
    {file = "Cython-0.29.24-cp35-cp35m-manylinux1_i686.whl", hash = "sha256:5fa12ebafc2f688ea6d26ab6d1d2e634a9872509ba7135b902bb0d8b368fb04b"},
    {file = "Cython-0.29.24-cp35-cp35m-manylinux1_x86_64.whl", hash = "sha256:60c958bcab0ff315b4036a949bed1c65334e1f6a69e17e9966d742febb59043a"},
    {file = "Cython-0.29.24-cp35-cp35m-win32.whl", hash = "sha256:166f9f29cd0058ce1a14a7b3a2458b849ed34b1ec5fd4108af3fdd2c24afcbb0"},
    {file = "Cython-0.29.24-cp35-cp35m-win_amd64.whl", hash = "sha256:76cbca0188d278e93d12ebdaf5990678e6e436485fdfad49dbe9b07717d41a3c"},
    {file = "Cython-0.29.24-cp36-cp36m-macosx_10_9_x86_64.whl", hash = "sha256:f2e9381497b12e8f622af620bde0d1d094035d79b899abb2ddd3a7891f535083"},
    {file = "Cython-0.29.24-cp36-cp36m-manylinux1_i686.whl", hash = "sha256:d8d1a087f35e39384303f5e6b75d465d6f29d746d7138eae9d3b6e8e6f769eae"},
    {file = "Cython-0.29.24-cp36-cp36m-manylinux1_x86_64.whl", hash = "sha256:112efa54a58293a4fb0acf0dd8e5b3736e95b595eee24dd88615648e445abe41"},
    {file = "Cython-0.29.24-cp36-cp36m-manylinux_2_17_aarch64.manylinux2014_aarch64.whl", hash = "sha256:4cf4452f0e4d50e11701bca38f3857fe6fa16593e7fd6a4d5f7be66f611b7da2"},
    {file = "Cython-0.29.24-cp36-cp36m-win32.whl", hash = "sha256:854fe2193d3ad4c8b61932ff54d6dbe10c5fa8749eb8958d72cc0ab28243f833"},
    {file = "Cython-0.29.24-cp36-cp36m-win_amd64.whl", hash = "sha256:84826ec1c11cda56261a252ddecac0c7d6b02e47e81b94f40b27b4c23c29c17c"},
    {file = "Cython-0.29.24-cp37-cp37m-macosx_10_9_x86_64.whl", hash = "sha256:6ade74eece909fd3a437d9a5084829180751d7ade118e281e9824dd75eafaff2"},
    {file = "Cython-0.29.24-cp37-cp37m-manylinux1_i686.whl", hash = "sha256:0a142c6b862e6ed6b02209d543062c038c110585b5e32d1ad7c9717af4f07e41"},
    {file = "Cython-0.29.24-cp37-cp37m-manylinux1_x86_64.whl", hash = "sha256:10cb3def9774fa99e4583617a5616874aed3255dc241fd1f4a3c2978c78e1c53"},
    {file = "Cython-0.29.24-cp37-cp37m-manylinux_2_17_aarch64.manylinux2014_aarch64.whl", hash = "sha256:2f41ef7edd76dd23315925e003f0c58c8585f3ab24be6885c4b3f60e77c82746"},
    {file = "Cython-0.29.24-cp37-cp37m-win32.whl", hash = "sha256:821c2d416ad7d006b069657ee1034c0e0cb45bdbe9ab6ab631e8c495dfcfa4ac"},
    {file = "Cython-0.29.24-cp37-cp37m-win_amd64.whl", hash = "sha256:2d9e61ed1056a3b6a4b9156b62297ad18b357a7948e57a2f49b061217696567e"},
    {file = "Cython-0.29.24-cp38-cp38-macosx_10_9_x86_64.whl", hash = "sha256:55b0ee28c2c8118bfb3ad9b25cf7a6cbd724e442ea96956e32ccd908d5e3e043"},
    {file = "Cython-0.29.24-cp38-cp38-manylinux1_i686.whl", hash = "sha256:eb2843f8cc01c645725e6fc690a84e99cdb266ce8ebe427cf3a680ff09f876aa"},
    {file = "Cython-0.29.24-cp38-cp38-manylinux1_x86_64.whl", hash = "sha256:661dbdea519d9cfb288867252b75fef73ffa8e8bb674cec27acf70646afb369b"},
    {file = "Cython-0.29.24-cp38-cp38-manylinux_2_17_aarch64.manylinux2014_aarch64.whl", hash = "sha256:bc05de569f811be1fcfde6756c9048ae518f0c4b6d9f8f024752c5365d934cac"},
    {file = "Cython-0.29.24-cp38-cp38-win32.whl", hash = "sha256:a102cfa795c6b3b81a29bdb9dbec545367cd7f353c03e6f30a056fdfefd92854"},
    {file = "Cython-0.29.24-cp38-cp38-win_amd64.whl", hash = "sha256:416046a98255eff97ec02077d20ebeaae52682dfca1c35aadf31260442b92514"},
    {file = "Cython-0.29.24-cp39-cp39-macosx_10_9_x86_64.whl", hash = "sha256:ad43e684ade673565f6f9d6638015112f6c7f11aa2a632167b79014f613f0f5f"},
    {file = "Cython-0.29.24-cp39-cp39-manylinux1_i686.whl", hash = "sha256:afb521523cb46ddaa8d269b421f88ea2731fee05e65b952b96d4db760f5a2a1c"},
    {file = "Cython-0.29.24-cp39-cp39-manylinux1_x86_64.whl", hash = "sha256:0d414458cb22f8a90d64260da6dace5d5fcebde43f31be52ca51f818c46db8cb"},
    {file = "Cython-0.29.24-cp39-cp39-manylinux_2_17_aarch64.manylinux2014_aarch64.whl", hash = "sha256:8cb87777e82d1996aef6c146560a19270684271c9c669ba62ac6803b3cd2ff82"},
    {file = "Cython-0.29.24-cp39-cp39-win32.whl", hash = "sha256:91339ee4b465924a3ea4b2a9cec7f7227bc4cadf673ce859d24c2b9ef60b1214"},
    {file = "Cython-0.29.24-cp39-cp39-win_amd64.whl", hash = "sha256:5fb977945a2111f6b64501fdf7ed0ec162cc502b84457fd648d6a558ea8de0d6"},
    {file = "Cython-0.29.24-py2.py3-none-any.whl", hash = "sha256:f96411f0120b5cae483923aaacd2872af8709be4b46522daedc32f051d778385"},
    {file = "Cython-0.29.24.tar.gz", hash = "sha256:cdf04d07c3600860e8c2ebaad4e8f52ac3feb212453c1764a49ac08c827e8443"},
]
distlib = [
    {file = "distlib-0.3.1-py2.py3-none-any.whl", hash = "sha256:8c09de2c67b3e7deef7184574fc060ab8a793e7adbb183d942c389c8b13c52fb"},
    {file = "distlib-0.3.1.zip", hash = "sha256:edf6116872c863e1aa9d5bb7cb5e05a022c519a4594dc703843343a9ddd9bff1"},
]
filelock = [
    {file = "filelock-3.0.12-py3-none-any.whl", hash = "sha256:929b7d63ec5b7d6b71b0fa5ac14e030b3f70b75747cef1b10da9b879fef15836"},
    {file = "filelock-3.0.12.tar.gz", hash = "sha256:18d82244ee114f543149c66a6e0c14e9c4f8a1044b5cdaadd0f82159d6a6ff59"},
]
identify = [
    {file = "identify-1.5.10-py2.py3-none-any.whl", hash = "sha256:cc86e6a9a390879dcc2976cef169dd9cc48843ed70b7380f321d1b118163c60e"},
    {file = "identify-1.5.10.tar.gz", hash = "sha256:943cd299ac7f5715fcb3f684e2fc1594c1e0f22a90d15398e5888143bd4144b5"},
]
importlib-metadata = [
    {file = "importlib_metadata-3.3.0-py3-none-any.whl", hash = "sha256:bf792d480abbd5eda85794e4afb09dd538393f7d6e6ffef6e9f03d2014cf9450"},
    {file = "importlib_metadata-3.3.0.tar.gz", hash = "sha256:5c5a2720817414a6c41f0a49993908068243ae02c1635a228126519b509c8aed"},
]
nodeenv = [
    {file = "nodeenv-1.5.0-py2.py3-none-any.whl", hash = "sha256:5304d424c529c997bc888453aeaa6362d242b6b4631e90f3d4bf1b290f1c84a9"},
    {file = "nodeenv-1.5.0.tar.gz", hash = "sha256:ab45090ae383b716c4ef89e690c41ff8c2b257b85b309f01f3654df3d084bd7c"},
]
pre-commit = [
    {file = "pre_commit-2.15.0-py2.py3-none-any.whl", hash = "sha256:a4ed01000afcb484d9eb8d504272e642c4c4099bbad3a6b27e519bd6a3e928a6"},
    {file = "pre_commit-2.15.0.tar.gz", hash = "sha256:3c25add78dbdfb6a28a651780d5c311ac40dd17f160eb3954a0c59da40a505a7"},
]
pyyaml = [
    {file = "PyYAML-5.3.1-cp27-cp27m-win32.whl", hash = "sha256:74809a57b329d6cc0fdccee6318f44b9b8649961fa73144a98735b0aaf029f1f"},
    {file = "PyYAML-5.3.1-cp27-cp27m-win_amd64.whl", hash = "sha256:240097ff019d7c70a4922b6869d8a86407758333f02203e0fc6ff79c5dcede76"},
    {file = "PyYAML-5.3.1-cp35-cp35m-win32.whl", hash = "sha256:4f4b913ca1a7319b33cfb1369e91e50354d6f07a135f3b901aca02aa95940bd2"},
    {file = "PyYAML-5.3.1-cp35-cp35m-win_amd64.whl", hash = "sha256:cc8955cfbfc7a115fa81d85284ee61147059a753344bc51098f3ccd69b0d7e0c"},
    {file = "PyYAML-5.3.1-cp36-cp36m-win32.whl", hash = "sha256:7739fc0fa8205b3ee8808aea45e968bc90082c10aef6ea95e855e10abf4a37b2"},
    {file = "PyYAML-5.3.1-cp36-cp36m-win_amd64.whl", hash = "sha256:69f00dca373f240f842b2931fb2c7e14ddbacd1397d57157a9b005a6a9942648"},
    {file = "PyYAML-5.3.1-cp37-cp37m-win32.whl", hash = "sha256:d13155f591e6fcc1ec3b30685d50bf0711574e2c0dfffd7644babf8b5102ca1a"},
    {file = "PyYAML-5.3.1-cp37-cp37m-win_amd64.whl", hash = "sha256:73f099454b799e05e5ab51423c7bcf361c58d3206fa7b0d555426b1f4d9a3eaf"},
    {file = "PyYAML-5.3.1-cp38-cp38-win32.whl", hash = "sha256:06a0d7ba600ce0b2d2fe2e78453a470b5a6e000a985dd4a4e54e436cc36b0e97"},
    {file = "PyYAML-5.3.1-cp38-cp38-win_amd64.whl", hash = "sha256:95f71d2af0ff4227885f7a6605c37fd53d3a106fcab511b8860ecca9fcf400ee"},
    {file = "PyYAML-5.3.1-cp39-cp39-win32.whl", hash = "sha256:ad9c67312c84def58f3c04504727ca879cb0013b2517c85a9a253f0cb6380c0a"},
    {file = "PyYAML-5.3.1-cp39-cp39-win_amd64.whl", hash = "sha256:6034f55dab5fea9e53f436aa68fa3ace2634918e8b5994d82f3621c04ff5ed2e"},
    {file = "PyYAML-5.3.1.tar.gz", hash = "sha256:b8eac752c5e14d3eca0e6dd9199cd627518cb5ec06add0de9d32baeee6fe645d"},
]
six = [
    {file = "six-1.15.0-py2.py3-none-any.whl", hash = "sha256:8b74bedcbbbaca38ff6d7491d76f2b06b3592611af620f8426e82dddb04a5ced"},
    {file = "six-1.15.0.tar.gz", hash = "sha256:30639c035cdb23534cd4aa2dd52c3bf48f06e5f4a941509c8bafd8ce11080259"},
]
toml = [
    {file = "toml-0.10.2-py2.py3-none-any.whl", hash = "sha256:806143ae5bfb6a3c6e736a764057db0e6a0e05e338b5630894a5f779cabb4f9b"},
    {file = "toml-0.10.2.tar.gz", hash = "sha256:b3bda1d108d5dd99f4a20d24d9c348e91c4db7ab1b749200bded2f839ccbe68f"},
]
typing-extensions = [
    {file = "typing_extensions-3.7.4.3-py2-none-any.whl", hash = "sha256:dafc7639cde7f1b6e1acc0f457842a83e722ccca8eef5270af2d74792619a89f"},
    {file = "typing_extensions-3.7.4.3-py3-none-any.whl", hash = "sha256:7cb407020f00f7bfc3cb3e7881628838e69d8f3fcab2f64742a5e76b2f841918"},
    {file = "typing_extensions-3.7.4.3.tar.gz", hash = "sha256:99d4073b617d30288f569d3f13d2bd7548c3a7e4c8de87db09a9d29bb3a4a60c"},
]
virtualenv = [
    {file = "virtualenv-20.2.2-py2.py3-none-any.whl", hash = "sha256:54b05fc737ea9c9ee9f8340f579e5da5b09fb64fd010ab5757eb90268616907c"},
    {file = "virtualenv-20.2.2.tar.gz", hash = "sha256:b7a8ec323ee02fb2312f098b6b4c9de99559b462775bc8fe3627a73706603c1b"},
]
zipp = [
    {file = "zipp-3.4.0-py3-none-any.whl", hash = "sha256:102c24ef8f171fd729d46599845e95c7ab894a4cf45f5de11a44cc7444fb1108"},
    {file = "zipp-3.4.0.tar.gz", hash = "sha256:ed5eee1974372595f9e416cc7bbeeb12335201d8081ca8a0743c954d4446e5cb"},
]
